
Microsoft Visual Studio Solution File, Format Version 12.00
# Visual Studio 14
VisualStudioVersion = 14.0.24720.0
MinimumVisualStudioVersion = 10.0.40219.1
Project("{FAE04EC0-301F-11D3-BF4B-00C04F79EFBC}") = "BrewzDomain.Classes", "BrewzDomain.Classes\BrewzDomain.Classes.csproj", "{12FFEC10-8C8A-40B2-ABBB-740F46F152D8}"
EndProject
Project("{FAE04EC0-301F-11D3-BF4B-00C04F79EFBC}") = "BrewzDomain.DataLayer", "BrewzDomain.DataLayer\BrewzDomain.DataLayer.csproj", "{EFC61C15-7FB3-4EB7-9A66-D86B1BD36FBE}"
EndProject
Project("{FAE04EC0-301F-11D3-BF4B-00C04F79EFBC}") = "BrewzRestfullWebService", "BrewzRestfullWebService\BrewzRestfullWebService.csproj", "{D9BA7D93-6BAB-4A0A-83EB-15AC929A53E5}"
EndProject
Project("{FAE04EC0-301F-11D3-BF4B-00C04F79EFBC}") = "BrewzWPF", "BrewzWPF\BrewzWPF.csproj", "{6CA50093-22C9-4BF7-862C-DB5B42860EC1}"
EndProject
Project("{FAE04EC0-301F-11D3-BF4B-00C04F79EFBC}") = "BrewzDomain.DataAccessLayer", "BrewzDomainDataAccessLayer\BrewzDomain.DataAccessLayer.csproj", "{1DF2C7DB-A0BC-455A-963C-A68AF32EC89A}"
EndProject
Project("{FAE04EC0-301F-11D3-BF4B-00C04F79EFBC}") = "BrewzDomain.JsonClasses", "BrewzDomain.JsonClasses\BrewzDomain.JsonClasses.csproj", "{246E4B64-F8A2-45C0-A4A0-5555880C83C1}"
EndProject
Project("{FAE04EC0-301F-11D3-BF4B-00C04F79EFBC}") = "BrewzTest", "BrewzTest\BrewzTest.csproj", "{1ACA3D5C-DB45-46F1-934E-C3CCA1B35673}"
EndProject
Global
	GlobalSection(SolutionConfigurationPlatforms) = preSolution
		Debug|Any CPU = Debug|Any CPU
		Release|Any CPU = Release|Any CPU
	EndGlobalSection
	GlobalSection(ProjectConfigurationPlatforms) = postSolution
		{12FFEC10-8C8A-40B2-ABBB-740F46F152D8}.Debug|Any CPU.ActiveCfg = Debug|Any CPU
		{12FFEC10-8C8A-40B2-ABBB-740F46F152D8}.Debug|Any CPU.Build.0 = Debug|Any CPU
		{12FFEC10-8C8A-40B2-ABBB-740F46F152D8}.Release|Any CPU.ActiveCfg = Release|Any CPU
		{12FFEC10-8C8A-40B2-ABBB-740F46F152D8}.Release|Any CPU.Build.0 = Release|Any CPU
		{EFC61C15-7FB3-4EB7-9A66-D86B1BD36FBE}.Debug|Any CPU.ActiveCfg = Debug|Any CPU
		{EFC61C15-7FB3-4EB7-9A66-D86B1BD36FBE}.Debug|Any CPU.Build.0 = Debug|Any CPU
		{EFC61C15-7FB3-4EB7-9A66-D86B1BD36FBE}.Release|Any CPU.ActiveCfg = Release|Any CPU
		{EFC61C15-7FB3-4EB7-9A66-D86B1BD36FBE}.Release|Any CPU.Build.0 = Release|Any CPU
		{D9BA7D93-6BAB-4A0A-83EB-15AC929A53E5}.Debug|Any CPU.ActiveCfg = Debug|Any CPU
		{D9BA7D93-6BAB-4A0A-83EB-15AC929A53E5}.Debug|Any CPU.Build.0 = Debug|Any CPU
		{D9BA7D93-6BAB-4A0A-83EB-15AC929A53E5}.Release|Any CPU.ActiveCfg = Release|Any CPU
		{D9BA7D93-6BAB-4A0A-83EB-15AC929A53E5}.Release|Any CPU.Build.0 = Release|Any CPU
		{6CA50093-22C9-4BF7-862C-DB5B42860EC1}.Debug|Any CPU.ActiveCfg = Debug|Any CPU
		{6CA50093-22C9-4BF7-862C-DB5B42860EC1}.Debug|Any CPU.Build.0 = Debug|Any CPU
		{6CA50093-22C9-4BF7-862C-DB5B42860EC1}.Release|Any CPU.ActiveCfg = Release|Any CPU
		{6CA50093-22C9-4BF7-862C-DB5B42860EC1}.Release|Any CPU.Build.0 = Release|Any CPU
		{1DF2C7DB-A0BC-455A-963C-A68AF32EC89A}.Debug|Any CPU.ActiveCfg = Debug|Any CPU
		{1DF2C7DB-A0BC-455A-963C-A68AF32EC89A}.Debug|Any CPU.Build.0 = Debug|Any CPU
		{1DF2C7DB-A0BC-455A-963C-A68AF32EC89A}.Release|Any CPU.ActiveCfg = Release|Any CPU
		{1DF2C7DB-A0BC-455A-963C-A68AF32EC89A}.Release|Any CPU.Build.0 = Release|Any CPU
		{246E4B64-F8A2-45C0-A4A0-5555880C83C1}.Debug|Any CPU.ActiveCfg = Debug|Any CPU
		{246E4B64-F8A2-45C0-A4A0-5555880C83C1}.Debug|Any CPU.Build.0 = Debug|Any CPU
		{246E4B64-F8A2-45C0-A4A0-5555880C83C1}.Release|Any CPU.ActiveCfg = Release|Any CPU
		{246E4B64-F8A2-45C0-A4A0-5555880C83C1}.Release|Any CPU.Build.0 = Release|Any CPU
		{1ACA3D5C-DB45-46F1-934E-C3CCA1B35673}.Debug|Any CPU.ActiveCfg = Debug|Any CPU
		{1ACA3D5C-DB45-46F1-934E-C3CCA1B35673}.Debug|Any CPU.Build.0 = Debug|Any CPU
		{1ACA3D5C-DB45-46F1-934E-C3CCA1B35673}.Release|Any CPU.ActiveCfg = Release|Any CPU
		{1ACA3D5C-DB45-46F1-934E-C3CCA1B35673}.Release|Any CPU.Build.0 = Release|Any CPU
	EndGlobalSection
	GlobalSection(SolutionProperties) = preSolution
		HideSolutionNode = FALSE
	EndGlobalSection
EndGlobal
