
Microsoft Visual Studio Solution File, Format Version 12.00
# Visual Studio 14
VisualStudioVersion = 14.0.23107.0
MinimumVisualStudioVersion = 10.0.40219.1
Project("{FAE04EC0-301F-11D3-BF4B-00C04F79EFBC}") = "BrewzDomain.Classes", "BrewzDomain.Classes\BrewzDomain.Classes.csproj", "{12FFEC10-8C8A-40B2-ABBB-740F46F152D8}"
EndProject
Project("{FAE04EC0-301F-11D3-BF4B-00C04F79EFBC}") = "BrewzDomain.DataLayer", "BrewzDomain.DataLayer\BrewzDomain.DataLayer.csproj", "{EFC61C15-7FB3-4EB7-9A66-D86B1BD36FBE}"
EndProject
Global
	GlobalSection(SolutionConfigurationPlatforms) = preSolution
		Debug|Any CPU = Debug|Any CPU
		Release|Any CPU = Release|Any CPU
	EndGlobalSection
	GlobalSection(ProjectConfigurationPlatforms) = postSolution
		{12FFEC10-8C8A-40B2-ABBB-740F46F152D8}.Debug|Any CPU.ActiveCfg = Debug|Any CPU
		{12FFEC10-8C8A-40B2-ABBB-740F46F152D8}.Debug|Any CPU.Build.0 = Debug|Any CPU
		{12FFEC10-8C8A-40B2-ABBB-740F46F152D8}.Release|Any CPU.ActiveCfg = Release|Any CPU
		{12FFEC10-8C8A-40B2-ABBB-740F46F152D8}.Release|Any CPU.Build.0 = Release|Any CPU
		{EFC61C15-7FB3-4EB7-9A66-D86B1BD36FBE}.Debug|Any CPU.ActiveCfg = Debug|Any CPU
		{EFC61C15-7FB3-4EB7-9A66-D86B1BD36FBE}.Debug|Any CPU.Build.0 = Debug|Any CPU
		{EFC61C15-7FB3-4EB7-9A66-D86B1BD36FBE}.Release|Any CPU.ActiveCfg = Release|Any CPU
		{EFC61C15-7FB3-4EB7-9A66-D86B1BD36FBE}.Release|Any CPU.Build.0 = Release|Any CPU
	EndGlobalSection
	GlobalSection(SolutionProperties) = preSolution
		HideSolutionNode = FALSE
	EndGlobalSection
EndGlobal
