
Microsoft Visual Studio Solution File, Format Version 12.00
# Visual Studio 14
VisualStudioVersion = 14.0.24720.0
MinimumVisualStudioVersion = 10.0.40219.1
Project("{FAE04EC0-301F-11D3-BF4B-00C04F79EFBC}") = "BrewzApp.Droid", "BrewzApp\BrewzApp.Droid\BrewzApp.Droid.csproj", "{BEB77E27-80A4-4C68-8250-40A74F542DAA}"
EndProject
Project("{FAE04EC0-301F-11D3-BF4B-00C04F79EFBC}") = "BrewzApp.iOS", "BrewzApp\BrewzApp.iOS\BrewzApp.iOS.csproj", "{FE7964BE-A9C1-42B2-9161-6715472BEE5C}"
EndProject
Project("{FAE04EC0-301F-11D3-BF4B-00C04F79EFBC}") = "BrewzApp.WinPhone", "BrewzApp\BrewzApp.WinPhone\BrewzApp.WinPhone.csproj", "{580341C8-2562-46DA-BE2F-EFC1EFAAB1C4}"
EndProject
Project("{FAE04EC0-301F-11D3-BF4B-00C04F79EFBC}") = "BrewzApp.Windows", "BrewzApp\BrewzApp.Windows\BrewzApp.Windows.csproj", "{031C68DF-E8A1-47DF-A17B-F0958CB6BE04}"
EndProject
Project("{FAE04EC0-301F-11D3-BF4B-00C04F79EFBC}") = "BrewzApp", "BrewzApp\BrewzApp\BrewzApp.csproj", "{38747037-4ED3-4A86-9630-739345D68733}"
EndProject
Global
	GlobalSection(SolutionConfigurationPlatforms) = preSolution
		Ad-Hoc|Any CPU = Ad-Hoc|Any CPU
		Ad-Hoc|ARM = Ad-Hoc|ARM
		Ad-Hoc|iPhone = Ad-Hoc|iPhone
		Ad-Hoc|iPhoneSimulator = Ad-Hoc|iPhoneSimulator
		Ad-Hoc|x64 = Ad-Hoc|x64
		Ad-Hoc|x86 = Ad-Hoc|x86
		AppStore|Any CPU = AppStore|Any CPU
		AppStore|ARM = AppStore|ARM
		AppStore|iPhone = AppStore|iPhone
		AppStore|iPhoneSimulator = AppStore|iPhoneSimulator
		AppStore|x64 = AppStore|x64
		AppStore|x86 = AppStore|x86
		Debug|Any CPU = Debug|Any CPU
		Debug|ARM = Debug|ARM
		Debug|iPhone = Debug|iPhone
		Debug|iPhoneSimulator = Debug|iPhoneSimulator
		Debug|x64 = Debug|x64
		Debug|x86 = Debug|x86
		Release|Any CPU = Release|Any CPU
		Release|ARM = Release|ARM
		Release|iPhone = Release|iPhone
		Release|iPhoneSimulator = Release|iPhoneSimulator
		Release|x64 = Release|x64
		Release|x86 = Release|x86
	EndGlobalSection
	GlobalSection(ProjectConfigurationPlatforms) = postSolution
		{BEB77E27-80A4-4C68-8250-40A74F542DAA}.Ad-Hoc|Any CPU.ActiveCfg = Release|Any CPU
		{BEB77E27-80A4-4C68-8250-40A74F542DAA}.Ad-Hoc|Any CPU.Build.0 = Release|Any CPU
		{BEB77E27-80A4-4C68-8250-40A74F542DAA}.Ad-Hoc|Any CPU.Deploy.0 = Release|Any CPU
		{BEB77E27-80A4-4C68-8250-40A74F542DAA}.Ad-Hoc|ARM.ActiveCfg = Release|Any CPU
		{BEB77E27-80A4-4C68-8250-40A74F542DAA}.Ad-Hoc|ARM.Build.0 = Release|Any CPU
		{BEB77E27-80A4-4C68-8250-40A74F542DAA}.Ad-Hoc|ARM.Deploy.0 = Release|Any CPU
		{BEB77E27-80A4-4C68-8250-40A74F542DAA}.Ad-Hoc|iPhone.ActiveCfg = Release|Any CPU
		{BEB77E27-80A4-4C68-8250-40A74F542DAA}.Ad-Hoc|iPhone.Build.0 = Release|Any CPU
		{BEB77E27-80A4-4C68-8250-40A74F542DAA}.Ad-Hoc|iPhone.Deploy.0 = Release|Any CPU
		{BEB77E27-80A4-4C68-8250-40A74F542DAA}.Ad-Hoc|iPhoneSimulator.ActiveCfg = Release|Any CPU
		{BEB77E27-80A4-4C68-8250-40A74F542DAA}.Ad-Hoc|iPhoneSimulator.Build.0 = Release|Any CPU
		{BEB77E27-80A4-4C68-8250-40A74F542DAA}.Ad-Hoc|iPhoneSimulator.Deploy.0 = Release|Any CPU
		{BEB77E27-80A4-4C68-8250-40A74F542DAA}.Ad-Hoc|x64.ActiveCfg = Release|Any CPU
		{BEB77E27-80A4-4C68-8250-40A74F542DAA}.Ad-Hoc|x64.Build.0 = Release|Any CPU
		{BEB77E27-80A4-4C68-8250-40A74F542DAA}.Ad-Hoc|x64.Deploy.0 = Release|Any CPU
		{BEB77E27-80A4-4C68-8250-40A74F542DAA}.Ad-Hoc|x86.ActiveCfg = Release|Any CPU
		{BEB77E27-80A4-4C68-8250-40A74F542DAA}.Ad-Hoc|x86.Build.0 = Release|Any CPU
		{BEB77E27-80A4-4C68-8250-40A74F542DAA}.Ad-Hoc|x86.Deploy.0 = Release|Any CPU
		{BEB77E27-80A4-4C68-8250-40A74F542DAA}.AppStore|Any CPU.ActiveCfg = Release|Any CPU
		{BEB77E27-80A4-4C68-8250-40A74F542DAA}.AppStore|Any CPU.Build.0 = Release|Any CPU
		{BEB77E27-80A4-4C68-8250-40A74F542DAA}.AppStore|Any CPU.Deploy.0 = Release|Any CPU
		{BEB77E27-80A4-4C68-8250-40A74F542DAA}.AppStore|ARM.ActiveCfg = Release|Any CPU
		{BEB77E27-80A4-4C68-8250-40A74F542DAA}.AppStore|ARM.Build.0 = Release|Any CPU
		{BEB77E27-80A4-4C68-8250-40A74F542DAA}.AppStore|ARM.Deploy.0 = Release|Any CPU
		{BEB77E27-80A4-4C68-8250-40A74F542DAA}.AppStore|iPhone.ActiveCfg = Release|Any CPU
		{BEB77E27-80A4-4C68-8250-40A74F542DAA}.AppStore|iPhone.Build.0 = Release|Any CPU
		{BEB77E27-80A4-4C68-8250-40A74F542DAA}.AppStore|iPhone.Deploy.0 = Release|Any CPU
		{BEB77E27-80A4-4C68-8250-40A74F542DAA}.AppStore|iPhoneSimulator.ActiveCfg = Release|Any CPU
		{BEB77E27-80A4-4C68-8250-40A74F542DAA}.AppStore|iPhoneSimulator.Build.0 = Release|Any CPU
		{BEB77E27-80A4-4C68-8250-40A74F542DAA}.AppStore|iPhoneSimulator.Deploy.0 = Release|Any CPU
		{BEB77E27-80A4-4C68-8250-40A74F542DAA}.AppStore|x64.ActiveCfg = Release|Any CPU
		{BEB77E27-80A4-4C68-8250-40A74F542DAA}.AppStore|x64.Build.0 = Release|Any CPU
		{BEB77E27-80A4-4C68-8250-40A74F542DAA}.AppStore|x64.Deploy.0 = Release|Any CPU
		{BEB77E27-80A4-4C68-8250-40A74F542DAA}.AppStore|x86.ActiveCfg = Release|Any CPU
		{BEB77E27-80A4-4C68-8250-40A74F542DAA}.AppStore|x86.Build.0 = Release|Any CPU
		{BEB77E27-80A4-4C68-8250-40A74F542DAA}.AppStore|x86.Deploy.0 = Release|Any CPU
		{BEB77E27-80A4-4C68-8250-40A74F542DAA}.Debug|Any CPU.ActiveCfg = Debug|Any CPU
		{BEB77E27-80A4-4C68-8250-40A74F542DAA}.Debug|Any CPU.Build.0 = Debug|Any CPU
		{BEB77E27-80A4-4C68-8250-40A74F542DAA}.Debug|Any CPU.Deploy.0 = Debug|Any CPU
		{BEB77E27-80A4-4C68-8250-40A74F542DAA}.Debug|ARM.ActiveCfg = Debug|Any CPU
		{BEB77E27-80A4-4C68-8250-40A74F542DAA}.Debug|ARM.Build.0 = Debug|Any CPU
		{BEB77E27-80A4-4C68-8250-40A74F542DAA}.Debug|ARM.Deploy.0 = Debug|Any CPU
		{BEB77E27-80A4-4C68-8250-40A74F542DAA}.Debug|iPhone.ActiveCfg = Debug|Any CPU
		{BEB77E27-80A4-4C68-8250-40A74F542DAA}.Debug|iPhone.Build.0 = Debug|Any CPU
		{BEB77E27-80A4-4C68-8250-40A74F542DAA}.Debug|iPhone.Deploy.0 = Debug|Any CPU
		{BEB77E27-80A4-4C68-8250-40A74F542DAA}.Debug|iPhoneSimulator.ActiveCfg = Debug|Any CPU
		{BEB77E27-80A4-4C68-8250-40A74F542DAA}.Debug|iPhoneSimulator.Build.0 = Debug|Any CPU
		{BEB77E27-80A4-4C68-8250-40A74F542DAA}.Debug|iPhoneSimulator.Deploy.0 = Debug|Any CPU
		{BEB77E27-80A4-4C68-8250-40A74F542DAA}.Debug|x64.ActiveCfg = Debug|Any CPU
		{BEB77E27-80A4-4C68-8250-40A74F542DAA}.Debug|x64.Build.0 = Debug|Any CPU
		{BEB77E27-80A4-4C68-8250-40A74F542DAA}.Debug|x64.Deploy.0 = Debug|Any CPU
		{BEB77E27-80A4-4C68-8250-40A74F542DAA}.Debug|x86.ActiveCfg = Debug|Any CPU
		{BEB77E27-80A4-4C68-8250-40A74F542DAA}.Debug|x86.Build.0 = Debug|Any CPU
		{BEB77E27-80A4-4C68-8250-40A74F542DAA}.Debug|x86.Deploy.0 = Debug|Any CPU
		{BEB77E27-80A4-4C68-8250-40A74F542DAA}.Release|Any CPU.ActiveCfg = Release|Any CPU
		{BEB77E27-80A4-4C68-8250-40A74F542DAA}.Release|Any CPU.Build.0 = Release|Any CPU
		{BEB77E27-80A4-4C68-8250-40A74F542DAA}.Release|Any CPU.Deploy.0 = Release|Any CPU
		{BEB77E27-80A4-4C68-8250-40A74F542DAA}.Release|ARM.ActiveCfg = Release|Any CPU
		{BEB77E27-80A4-4C68-8250-40A74F542DAA}.Release|ARM.Build.0 = Release|Any CPU
		{BEB77E27-80A4-4C68-8250-40A74F542DAA}.Release|ARM.Deploy.0 = Release|Any CPU
		{BEB77E27-80A4-4C68-8250-40A74F542DAA}.Release|iPhone.ActiveCfg = Release|Any CPU
		{BEB77E27-80A4-4C68-8250-40A74F542DAA}.Release|iPhone.Build.0 = Release|Any CPU
		{BEB77E27-80A4-4C68-8250-40A74F542DAA}.Release|iPhone.Deploy.0 = Release|Any CPU
		{BEB77E27-80A4-4C68-8250-40A74F542DAA}.Release|iPhoneSimulator.ActiveCfg = Release|Any CPU
		{BEB77E27-80A4-4C68-8250-40A74F542DAA}.Release|iPhoneSimulator.Build.0 = Release|Any CPU
		{BEB77E27-80A4-4C68-8250-40A74F542DAA}.Release|iPhoneSimulator.Deploy.0 = Release|Any CPU
		{BEB77E27-80A4-4C68-8250-40A74F542DAA}.Release|x64.ActiveCfg = Release|Any CPU
		{BEB77E27-80A4-4C68-8250-40A74F542DAA}.Release|x64.Build.0 = Release|Any CPU
		{BEB77E27-80A4-4C68-8250-40A74F542DAA}.Release|x64.Deploy.0 = Release|Any CPU
		{BEB77E27-80A4-4C68-8250-40A74F542DAA}.Release|x86.ActiveCfg = Release|Any CPU
		{BEB77E27-80A4-4C68-8250-40A74F542DAA}.Release|x86.Build.0 = Release|Any CPU
		{BEB77E27-80A4-4C68-8250-40A74F542DAA}.Release|x86.Deploy.0 = Release|Any CPU
		{FE7964BE-A9C1-42B2-9161-6715472BEE5C}.Ad-Hoc|Any CPU.ActiveCfg = Ad-Hoc|iPhone
		{FE7964BE-A9C1-42B2-9161-6715472BEE5C}.Ad-Hoc|ARM.ActiveCfg = Ad-Hoc|iPhone
		{FE7964BE-A9C1-42B2-9161-6715472BEE5C}.Ad-Hoc|iPhone.ActiveCfg = Ad-Hoc|iPhone
		{FE7964BE-A9C1-42B2-9161-6715472BEE5C}.Ad-Hoc|iPhone.Build.0 = Ad-Hoc|iPhone
		{FE7964BE-A9C1-42B2-9161-6715472BEE5C}.Ad-Hoc|iPhoneSimulator.ActiveCfg = Ad-Hoc|iPhoneSimulator
		{FE7964BE-A9C1-42B2-9161-6715472BEE5C}.Ad-Hoc|iPhoneSimulator.Build.0 = Ad-Hoc|iPhoneSimulator
		{FE7964BE-A9C1-42B2-9161-6715472BEE5C}.Ad-Hoc|x64.ActiveCfg = Ad-Hoc|iPhone
		{FE7964BE-A9C1-42B2-9161-6715472BEE5C}.Ad-Hoc|x86.ActiveCfg = Ad-Hoc|iPhone
		{FE7964BE-A9C1-42B2-9161-6715472BEE5C}.AppStore|Any CPU.ActiveCfg = AppStore|iPhone
		{FE7964BE-A9C1-42B2-9161-6715472BEE5C}.AppStore|ARM.ActiveCfg = AppStore|iPhone
		{FE7964BE-A9C1-42B2-9161-6715472BEE5C}.AppStore|iPhone.ActiveCfg = AppStore|iPhone
		{FE7964BE-A9C1-42B2-9161-6715472BEE5C}.AppStore|iPhone.Build.0 = AppStore|iPhone
		{FE7964BE-A9C1-42B2-9161-6715472BEE5C}.AppStore|iPhoneSimulator.ActiveCfg = AppStore|iPhoneSimulator
		{FE7964BE-A9C1-42B2-9161-6715472BEE5C}.AppStore|iPhoneSimulator.Build.0 = AppStore|iPhoneSimulator
		{FE7964BE-A9C1-42B2-9161-6715472BEE5C}.AppStore|x64.ActiveCfg = AppStore|iPhone
		{FE7964BE-A9C1-42B2-9161-6715472BEE5C}.AppStore|x86.ActiveCfg = AppStore|iPhone
		{FE7964BE-A9C1-42B2-9161-6715472BEE5C}.Debug|Any CPU.ActiveCfg = Debug|iPhone
		{FE7964BE-A9C1-42B2-9161-6715472BEE5C}.Debug|ARM.ActiveCfg = Debug|iPhone
		{FE7964BE-A9C1-42B2-9161-6715472BEE5C}.Debug|iPhone.ActiveCfg = Debug|iPhone
		{FE7964BE-A9C1-42B2-9161-6715472BEE5C}.Debug|iPhone.Build.0 = Debug|iPhone
		{FE7964BE-A9C1-42B2-9161-6715472BEE5C}.Debug|iPhoneSimulator.ActiveCfg = Debug|iPhoneSimulator
		{FE7964BE-A9C1-42B2-9161-6715472BEE5C}.Debug|iPhoneSimulator.Build.0 = Debug|iPhoneSimulator
		{FE7964BE-A9C1-42B2-9161-6715472BEE5C}.Debug|x64.ActiveCfg = Debug|iPhone
		{FE7964BE-A9C1-42B2-9161-6715472BEE5C}.Debug|x86.ActiveCfg = Debug|iPhone
		{FE7964BE-A9C1-42B2-9161-6715472BEE5C}.Release|Any CPU.ActiveCfg = Release|iPhone
		{FE7964BE-A9C1-42B2-9161-6715472BEE5C}.Release|ARM.ActiveCfg = Release|iPhone
		{FE7964BE-A9C1-42B2-9161-6715472BEE5C}.Release|iPhone.ActiveCfg = Release|iPhone
		{FE7964BE-A9C1-42B2-9161-6715472BEE5C}.Release|iPhone.Build.0 = Release|iPhone
		{FE7964BE-A9C1-42B2-9161-6715472BEE5C}.Release|iPhoneSimulator.ActiveCfg = Release|iPhoneSimulator
		{FE7964BE-A9C1-42B2-9161-6715472BEE5C}.Release|iPhoneSimulator.Build.0 = Release|iPhoneSimulator
		{FE7964BE-A9C1-42B2-9161-6715472BEE5C}.Release|x64.ActiveCfg = Release|iPhone
		{FE7964BE-A9C1-42B2-9161-6715472BEE5C}.Release|x86.ActiveCfg = Release|iPhone
		{580341C8-2562-46DA-BE2F-EFC1EFAAB1C4}.Ad-Hoc|Any CPU.ActiveCfg = Release|Any CPU
		{580341C8-2562-46DA-BE2F-EFC1EFAAB1C4}.Ad-Hoc|Any CPU.Build.0 = Release|Any CPU
		{580341C8-2562-46DA-BE2F-EFC1EFAAB1C4}.Ad-Hoc|Any CPU.Deploy.0 = Release|Any CPU
		{580341C8-2562-46DA-BE2F-EFC1EFAAB1C4}.Ad-Hoc|ARM.ActiveCfg = Release|ARM
		{580341C8-2562-46DA-BE2F-EFC1EFAAB1C4}.Ad-Hoc|ARM.Build.0 = Release|ARM
		{580341C8-2562-46DA-BE2F-EFC1EFAAB1C4}.Ad-Hoc|ARM.Deploy.0 = Release|ARM
		{580341C8-2562-46DA-BE2F-EFC1EFAAB1C4}.Ad-Hoc|iPhone.ActiveCfg = Release|Any CPU
		{580341C8-2562-46DA-BE2F-EFC1EFAAB1C4}.Ad-Hoc|iPhone.Build.0 = Release|Any CPU
		{580341C8-2562-46DA-BE2F-EFC1EFAAB1C4}.Ad-Hoc|iPhone.Deploy.0 = Release|Any CPU
		{580341C8-2562-46DA-BE2F-EFC1EFAAB1C4}.Ad-Hoc|iPhoneSimulator.ActiveCfg = Release|Any CPU
		{580341C8-2562-46DA-BE2F-EFC1EFAAB1C4}.Ad-Hoc|iPhoneSimulator.Build.0 = Release|Any CPU
		{580341C8-2562-46DA-BE2F-EFC1EFAAB1C4}.Ad-Hoc|iPhoneSimulator.Deploy.0 = Release|Any CPU
		{580341C8-2562-46DA-BE2F-EFC1EFAAB1C4}.Ad-Hoc|x64.ActiveCfg = Release|Any CPU
		{580341C8-2562-46DA-BE2F-EFC1EFAAB1C4}.Ad-Hoc|x64.Build.0 = Release|Any CPU
		{580341C8-2562-46DA-BE2F-EFC1EFAAB1C4}.Ad-Hoc|x64.Deploy.0 = Release|Any CPU
		{580341C8-2562-46DA-BE2F-EFC1EFAAB1C4}.Ad-Hoc|x86.ActiveCfg = Release|x86
		{580341C8-2562-46DA-BE2F-EFC1EFAAB1C4}.Ad-Hoc|x86.Build.0 = Release|x86
		{580341C8-2562-46DA-BE2F-EFC1EFAAB1C4}.Ad-Hoc|x86.Deploy.0 = Release|x86
		{580341C8-2562-46DA-BE2F-EFC1EFAAB1C4}.AppStore|Any CPU.ActiveCfg = Release|Any CPU
		{580341C8-2562-46DA-BE2F-EFC1EFAAB1C4}.AppStore|Any CPU.Build.0 = Release|Any CPU
		{580341C8-2562-46DA-BE2F-EFC1EFAAB1C4}.AppStore|Any CPU.Deploy.0 = Release|Any CPU
		{580341C8-2562-46DA-BE2F-EFC1EFAAB1C4}.AppStore|ARM.ActiveCfg = Release|ARM
		{580341C8-2562-46DA-BE2F-EFC1EFAAB1C4}.AppStore|ARM.Build.0 = Release|ARM
		{580341C8-2562-46DA-BE2F-EFC1EFAAB1C4}.AppStore|ARM.Deploy.0 = Release|ARM
		{580341C8-2562-46DA-BE2F-EFC1EFAAB1C4}.AppStore|iPhone.ActiveCfg = Release|Any CPU
		{580341C8-2562-46DA-BE2F-EFC1EFAAB1C4}.AppStore|iPhone.Build.0 = Release|Any CPU
		{580341C8-2562-46DA-BE2F-EFC1EFAAB1C4}.AppStore|iPhone.Deploy.0 = Release|Any CPU
		{580341C8-2562-46DA-BE2F-EFC1EFAAB1C4}.AppStore|iPhoneSimulator.ActiveCfg = Release|Any CPU
		{580341C8-2562-46DA-BE2F-EFC1EFAAB1C4}.AppStore|iPhoneSimulator.Build.0 = Release|Any CPU
		{580341C8-2562-46DA-BE2F-EFC1EFAAB1C4}.AppStore|iPhoneSimulator.Deploy.0 = Release|Any CPU
		{580341C8-2562-46DA-BE2F-EFC1EFAAB1C4}.AppStore|x64.ActiveCfg = Release|Any CPU
		{580341C8-2562-46DA-BE2F-EFC1EFAAB1C4}.AppStore|x64.Build.0 = Release|Any CPU
		{580341C8-2562-46DA-BE2F-EFC1EFAAB1C4}.AppStore|x64.Deploy.0 = Release|Any CPU
		{580341C8-2562-46DA-BE2F-EFC1EFAAB1C4}.AppStore|x86.ActiveCfg = Release|x86
		{580341C8-2562-46DA-BE2F-EFC1EFAAB1C4}.AppStore|x86.Build.0 = Release|x86
		{580341C8-2562-46DA-BE2F-EFC1EFAAB1C4}.AppStore|x86.Deploy.0 = Release|x86
		{580341C8-2562-46DA-BE2F-EFC1EFAAB1C4}.Debug|Any CPU.ActiveCfg = Debug|Any CPU
		{580341C8-2562-46DA-BE2F-EFC1EFAAB1C4}.Debug|Any CPU.Build.0 = Debug|Any CPU
		{580341C8-2562-46DA-BE2F-EFC1EFAAB1C4}.Debug|Any CPU.Deploy.0 = Debug|Any CPU
		{580341C8-2562-46DA-BE2F-EFC1EFAAB1C4}.Debug|ARM.ActiveCfg = Debug|ARM
		{580341C8-2562-46DA-BE2F-EFC1EFAAB1C4}.Debug|ARM.Build.0 = Debug|ARM
		{580341C8-2562-46DA-BE2F-EFC1EFAAB1C4}.Debug|ARM.Deploy.0 = Debug|ARM
		{580341C8-2562-46DA-BE2F-EFC1EFAAB1C4}.Debug|iPhone.ActiveCfg = Debug|Any CPU
		{580341C8-2562-46DA-BE2F-EFC1EFAAB1C4}.Debug|iPhone.Build.0 = Debug|Any CPU
		{580341C8-2562-46DA-BE2F-EFC1EFAAB1C4}.Debug|iPhone.Deploy.0 = Debug|Any CPU
		{580341C8-2562-46DA-BE2F-EFC1EFAAB1C4}.Debug|iPhoneSimulator.ActiveCfg = Debug|Any CPU
		{580341C8-2562-46DA-BE2F-EFC1EFAAB1C4}.Debug|iPhoneSimulator.Build.0 = Debug|Any CPU
		{580341C8-2562-46DA-BE2F-EFC1EFAAB1C4}.Debug|iPhoneSimulator.Deploy.0 = Debug|Any CPU
		{580341C8-2562-46DA-BE2F-EFC1EFAAB1C4}.Debug|x64.ActiveCfg = Debug|Any CPU
		{580341C8-2562-46DA-BE2F-EFC1EFAAB1C4}.Debug|x64.Build.0 = Debug|Any CPU
		{580341C8-2562-46DA-BE2F-EFC1EFAAB1C4}.Debug|x64.Deploy.0 = Debug|Any CPU
		{580341C8-2562-46DA-BE2F-EFC1EFAAB1C4}.Debug|x86.ActiveCfg = Debug|x86
		{580341C8-2562-46DA-BE2F-EFC1EFAAB1C4}.Debug|x86.Build.0 = Debug|x86
		{580341C8-2562-46DA-BE2F-EFC1EFAAB1C4}.Debug|x86.Deploy.0 = Debug|x86
		{580341C8-2562-46DA-BE2F-EFC1EFAAB1C4}.Release|Any CPU.ActiveCfg = Release|Any CPU
		{580341C8-2562-46DA-BE2F-EFC1EFAAB1C4}.Release|Any CPU.Build.0 = Release|Any CPU
		{580341C8-2562-46DA-BE2F-EFC1EFAAB1C4}.Release|Any CPU.Deploy.0 = Release|Any CPU
		{580341C8-2562-46DA-BE2F-EFC1EFAAB1C4}.Release|ARM.ActiveCfg = Release|ARM
		{580341C8-2562-46DA-BE2F-EFC1EFAAB1C4}.Release|ARM.Build.0 = Release|ARM
		{580341C8-2562-46DA-BE2F-EFC1EFAAB1C4}.Release|ARM.Deploy.0 = Release|ARM
		{580341C8-2562-46DA-BE2F-EFC1EFAAB1C4}.Release|iPhone.ActiveCfg = Release|Any CPU
		{580341C8-2562-46DA-BE2F-EFC1EFAAB1C4}.Release|iPhone.Build.0 = Release|Any CPU
		{580341C8-2562-46DA-BE2F-EFC1EFAAB1C4}.Release|iPhone.Deploy.0 = Release|Any CPU
		{580341C8-2562-46DA-BE2F-EFC1EFAAB1C4}.Release|iPhoneSimulator.ActiveCfg = Release|Any CPU
		{580341C8-2562-46DA-BE2F-EFC1EFAAB1C4}.Release|iPhoneSimulator.Build.0 = Release|Any CPU
		{580341C8-2562-46DA-BE2F-EFC1EFAAB1C4}.Release|iPhoneSimulator.Deploy.0 = Release|Any CPU
		{580341C8-2562-46DA-BE2F-EFC1EFAAB1C4}.Release|x64.ActiveCfg = Release|Any CPU
		{580341C8-2562-46DA-BE2F-EFC1EFAAB1C4}.Release|x64.Build.0 = Release|Any CPU
		{580341C8-2562-46DA-BE2F-EFC1EFAAB1C4}.Release|x64.Deploy.0 = Release|Any CPU
		{580341C8-2562-46DA-BE2F-EFC1EFAAB1C4}.Release|x86.ActiveCfg = Release|x86
		{580341C8-2562-46DA-BE2F-EFC1EFAAB1C4}.Release|x86.Build.0 = Release|x86
		{580341C8-2562-46DA-BE2F-EFC1EFAAB1C4}.Release|x86.Deploy.0 = Release|x86
		{031C68DF-E8A1-47DF-A17B-F0958CB6BE04}.Ad-Hoc|Any CPU.ActiveCfg = Release|Any CPU
		{031C68DF-E8A1-47DF-A17B-F0958CB6BE04}.Ad-Hoc|Any CPU.Build.0 = Release|Any CPU
		{031C68DF-E8A1-47DF-A17B-F0958CB6BE04}.Ad-Hoc|Any CPU.Deploy.0 = Release|Any CPU
		{031C68DF-E8A1-47DF-A17B-F0958CB6BE04}.Ad-Hoc|ARM.ActiveCfg = Release|ARM
		{031C68DF-E8A1-47DF-A17B-F0958CB6BE04}.Ad-Hoc|ARM.Build.0 = Release|ARM
		{031C68DF-E8A1-47DF-A17B-F0958CB6BE04}.Ad-Hoc|ARM.Deploy.0 = Release|ARM
		{031C68DF-E8A1-47DF-A17B-F0958CB6BE04}.Ad-Hoc|iPhone.ActiveCfg = Release|Any CPU
		{031C68DF-E8A1-47DF-A17B-F0958CB6BE04}.Ad-Hoc|iPhone.Build.0 = Release|Any CPU
		{031C68DF-E8A1-47DF-A17B-F0958CB6BE04}.Ad-Hoc|iPhone.Deploy.0 = Release|Any CPU
		{031C68DF-E8A1-47DF-A17B-F0958CB6BE04}.Ad-Hoc|iPhoneSimulator.ActiveCfg = Release|Any CPU
		{031C68DF-E8A1-47DF-A17B-F0958CB6BE04}.Ad-Hoc|iPhoneSimulator.Build.0 = Release|Any CPU
		{031C68DF-E8A1-47DF-A17B-F0958CB6BE04}.Ad-Hoc|iPhoneSimulator.Deploy.0 = Release|Any CPU
		{031C68DF-E8A1-47DF-A17B-F0958CB6BE04}.Ad-Hoc|x64.ActiveCfg = Release|x64
		{031C68DF-E8A1-47DF-A17B-F0958CB6BE04}.Ad-Hoc|x64.Build.0 = Release|x64
		{031C68DF-E8A1-47DF-A17B-F0958CB6BE04}.Ad-Hoc|x64.Deploy.0 = Release|x64
		{031C68DF-E8A1-47DF-A17B-F0958CB6BE04}.Ad-Hoc|x86.ActiveCfg = Release|x86
		{031C68DF-E8A1-47DF-A17B-F0958CB6BE04}.Ad-Hoc|x86.Build.0 = Release|x86
		{031C68DF-E8A1-47DF-A17B-F0958CB6BE04}.Ad-Hoc|x86.Deploy.0 = Release|x86
		{031C68DF-E8A1-47DF-A17B-F0958CB6BE04}.AppStore|Any CPU.ActiveCfg = Release|Any CPU
		{031C68DF-E8A1-47DF-A17B-F0958CB6BE04}.AppStore|Any CPU.Build.0 = Release|Any CPU
		{031C68DF-E8A1-47DF-A17B-F0958CB6BE04}.AppStore|Any CPU.Deploy.0 = Release|Any CPU
		{031C68DF-E8A1-47DF-A17B-F0958CB6BE04}.AppStore|ARM.ActiveCfg = Release|ARM
		{031C68DF-E8A1-47DF-A17B-F0958CB6BE04}.AppStore|ARM.Build.0 = Release|ARM
		{031C68DF-E8A1-47DF-A17B-F0958CB6BE04}.AppStore|ARM.Deploy.0 = Release|ARM
		{031C68DF-E8A1-47DF-A17B-F0958CB6BE04}.AppStore|iPhone.ActiveCfg = Release|Any CPU
		{031C68DF-E8A1-47DF-A17B-F0958CB6BE04}.AppStore|iPhone.Build.0 = Release|Any CPU
		{031C68DF-E8A1-47DF-A17B-F0958CB6BE04}.AppStore|iPhone.Deploy.0 = Release|Any CPU
		{031C68DF-E8A1-47DF-A17B-F0958CB6BE04}.AppStore|iPhoneSimulator.ActiveCfg = Release|Any CPU
		{031C68DF-E8A1-47DF-A17B-F0958CB6BE04}.AppStore|iPhoneSimulator.Build.0 = Release|Any CPU
		{031C68DF-E8A1-47DF-A17B-F0958CB6BE04}.AppStore|iPhoneSimulator.Deploy.0 = Release|Any CPU
		{031C68DF-E8A1-47DF-A17B-F0958CB6BE04}.AppStore|x64.ActiveCfg = Release|x64
		{031C68DF-E8A1-47DF-A17B-F0958CB6BE04}.AppStore|x64.Build.0 = Release|x64
		{031C68DF-E8A1-47DF-A17B-F0958CB6BE04}.AppStore|x64.Deploy.0 = Release|x64
		{031C68DF-E8A1-47DF-A17B-F0958CB6BE04}.AppStore|x86.ActiveCfg = Release|x86
		{031C68DF-E8A1-47DF-A17B-F0958CB6BE04}.AppStore|x86.Build.0 = Release|x86
		{031C68DF-E8A1-47DF-A17B-F0958CB6BE04}.AppStore|x86.Deploy.0 = Release|x86
		{031C68DF-E8A1-47DF-A17B-F0958CB6BE04}.Debug|Any CPU.ActiveCfg = Debug|Any CPU
		{031C68DF-E8A1-47DF-A17B-F0958CB6BE04}.Debug|Any CPU.Build.0 = Debug|Any CPU
		{031C68DF-E8A1-47DF-A17B-F0958CB6BE04}.Debug|Any CPU.Deploy.0 = Debug|Any CPU
		{031C68DF-E8A1-47DF-A17B-F0958CB6BE04}.Debug|ARM.ActiveCfg = Debug|ARM
		{031C68DF-E8A1-47DF-A17B-F0958CB6BE04}.Debug|ARM.Build.0 = Debug|ARM
		{031C68DF-E8A1-47DF-A17B-F0958CB6BE04}.Debug|ARM.Deploy.0 = Debug|ARM
		{031C68DF-E8A1-47DF-A17B-F0958CB6BE04}.Debug|iPhone.ActiveCfg = Debug|Any CPU
		{031C68DF-E8A1-47DF-A17B-F0958CB6BE04}.Debug|iPhone.Build.0 = Debug|Any CPU
		{031C68DF-E8A1-47DF-A17B-F0958CB6BE04}.Debug|iPhone.Deploy.0 = Debug|Any CPU
		{031C68DF-E8A1-47DF-A17B-F0958CB6BE04}.Debug|iPhoneSimulator.ActiveCfg = Debug|Any CPU
		{031C68DF-E8A1-47DF-A17B-F0958CB6BE04}.Debug|iPhoneSimulator.Build.0 = Debug|Any CPU
		{031C68DF-E8A1-47DF-A17B-F0958CB6BE04}.Debug|iPhoneSimulator.Deploy.0 = Debug|Any CPU
		{031C68DF-E8A1-47DF-A17B-F0958CB6BE04}.Debug|x64.ActiveCfg = Debug|x64
		{031C68DF-E8A1-47DF-A17B-F0958CB6BE04}.Debug|x64.Build.0 = Debug|x64
		{031C68DF-E8A1-47DF-A17B-F0958CB6BE04}.Debug|x64.Deploy.0 = Debug|x64
		{031C68DF-E8A1-47DF-A17B-F0958CB6BE04}.Debug|x86.ActiveCfg = Debug|x86
		{031C68DF-E8A1-47DF-A17B-F0958CB6BE04}.Debug|x86.Build.0 = Debug|x86
		{031C68DF-E8A1-47DF-A17B-F0958CB6BE04}.Debug|x86.Deploy.0 = Debug|x86
		{031C68DF-E8A1-47DF-A17B-F0958CB6BE04}.Release|Any CPU.ActiveCfg = Release|Any CPU
		{031C68DF-E8A1-47DF-A17B-F0958CB6BE04}.Release|Any CPU.Build.0 = Release|Any CPU
		{031C68DF-E8A1-47DF-A17B-F0958CB6BE04}.Release|Any CPU.Deploy.0 = Release|Any CPU
		{031C68DF-E8A1-47DF-A17B-F0958CB6BE04}.Release|ARM.ActiveCfg = Release|ARM
		{031C68DF-E8A1-47DF-A17B-F0958CB6BE04}.Release|ARM.Build.0 = Release|ARM
		{031C68DF-E8A1-47DF-A17B-F0958CB6BE04}.Release|ARM.Deploy.0 = Release|ARM
		{031C68DF-E8A1-47DF-A17B-F0958CB6BE04}.Release|iPhone.ActiveCfg = Release|Any CPU
		{031C68DF-E8A1-47DF-A17B-F0958CB6BE04}.Release|iPhone.Build.0 = Release|Any CPU
		{031C68DF-E8A1-47DF-A17B-F0958CB6BE04}.Release|iPhone.Deploy.0 = Release|Any CPU
		{031C68DF-E8A1-47DF-A17B-F0958CB6BE04}.Release|iPhoneSimulator.ActiveCfg = Release|Any CPU
		{031C68DF-E8A1-47DF-A17B-F0958CB6BE04}.Release|iPhoneSimulator.Build.0 = Release|Any CPU
		{031C68DF-E8A1-47DF-A17B-F0958CB6BE04}.Release|iPhoneSimulator.Deploy.0 = Release|Any CPU
		{031C68DF-E8A1-47DF-A17B-F0958CB6BE04}.Release|x64.ActiveCfg = Release|x64
		{031C68DF-E8A1-47DF-A17B-F0958CB6BE04}.Release|x64.Build.0 = Release|x64
		{031C68DF-E8A1-47DF-A17B-F0958CB6BE04}.Release|x64.Deploy.0 = Release|x64
		{031C68DF-E8A1-47DF-A17B-F0958CB6BE04}.Release|x86.ActiveCfg = Release|x86
		{031C68DF-E8A1-47DF-A17B-F0958CB6BE04}.Release|x86.Build.0 = Release|x86
		{031C68DF-E8A1-47DF-A17B-F0958CB6BE04}.Release|x86.Deploy.0 = Release|x86
		{38747037-4ED3-4A86-9630-739345D68733}.Ad-Hoc|Any CPU.ActiveCfg = Release|Any CPU
		{38747037-4ED3-4A86-9630-739345D68733}.Ad-Hoc|Any CPU.Build.0 = Release|Any CPU
		{38747037-4ED3-4A86-9630-739345D68733}.Ad-Hoc|ARM.ActiveCfg = Release|Any CPU
		{38747037-4ED3-4A86-9630-739345D68733}.Ad-Hoc|ARM.Build.0 = Release|Any CPU
		{38747037-4ED3-4A86-9630-739345D68733}.Ad-Hoc|iPhone.ActiveCfg = Release|Any CPU
		{38747037-4ED3-4A86-9630-739345D68733}.Ad-Hoc|iPhone.Build.0 = Release|Any CPU
		{38747037-4ED3-4A86-9630-739345D68733}.Ad-Hoc|iPhoneSimulator.ActiveCfg = Release|Any CPU
		{38747037-4ED3-4A86-9630-739345D68733}.Ad-Hoc|iPhoneSimulator.Build.0 = Release|Any CPU
		{38747037-4ED3-4A86-9630-739345D68733}.Ad-Hoc|x64.ActiveCfg = Release|Any CPU
		{38747037-4ED3-4A86-9630-739345D68733}.Ad-Hoc|x64.Build.0 = Release|Any CPU
		{38747037-4ED3-4A86-9630-739345D68733}.Ad-Hoc|x86.ActiveCfg = Release|Any CPU
		{38747037-4ED3-4A86-9630-739345D68733}.Ad-Hoc|x86.Build.0 = Release|Any CPU
		{38747037-4ED3-4A86-9630-739345D68733}.AppStore|Any CPU.ActiveCfg = Release|Any CPU
		{38747037-4ED3-4A86-9630-739345D68733}.AppStore|Any CPU.Build.0 = Release|Any CPU
		{38747037-4ED3-4A86-9630-739345D68733}.AppStore|ARM.ActiveCfg = Release|Any CPU
		{38747037-4ED3-4A86-9630-739345D68733}.AppStore|ARM.Build.0 = Release|Any CPU
		{38747037-4ED3-4A86-9630-739345D68733}.AppStore|iPhone.ActiveCfg = Release|Any CPU
		{38747037-4ED3-4A86-9630-739345D68733}.AppStore|iPhone.Build.0 = Release|Any CPU
		{38747037-4ED3-4A86-9630-739345D68733}.AppStore|iPhoneSimulator.ActiveCfg = Release|Any CPU
		{38747037-4ED3-4A86-9630-739345D68733}.AppStore|iPhoneSimulator.Build.0 = Release|Any CPU
		{38747037-4ED3-4A86-9630-739345D68733}.AppStore|x64.ActiveCfg = Release|Any CPU
		{38747037-4ED3-4A86-9630-739345D68733}.AppStore|x64.Build.0 = Release|Any CPU
		{38747037-4ED3-4A86-9630-739345D68733}.AppStore|x86.ActiveCfg = Release|Any CPU
		{38747037-4ED3-4A86-9630-739345D68733}.AppStore|x86.Build.0 = Release|Any CPU
		{38747037-4ED3-4A86-9630-739345D68733}.Debug|Any CPU.ActiveCfg = Debug|Any CPU
		{38747037-4ED3-4A86-9630-739345D68733}.Debug|Any CPU.Build.0 = Debug|Any CPU
		{38747037-4ED3-4A86-9630-739345D68733}.Debug|ARM.ActiveCfg = Debug|Any CPU
		{38747037-4ED3-4A86-9630-739345D68733}.Debug|ARM.Build.0 = Debug|Any CPU
		{38747037-4ED3-4A86-9630-739345D68733}.Debug|iPhone.ActiveCfg = Debug|Any CPU
		{38747037-4ED3-4A86-9630-739345D68733}.Debug|iPhone.Build.0 = Debug|Any CPU
		{38747037-4ED3-4A86-9630-739345D68733}.Debug|iPhoneSimulator.ActiveCfg = Debug|Any CPU
		{38747037-4ED3-4A86-9630-739345D68733}.Debug|iPhoneSimulator.Build.0 = Debug|Any CPU
		{38747037-4ED3-4A86-9630-739345D68733}.Debug|x64.ActiveCfg = Debug|Any CPU
		{38747037-4ED3-4A86-9630-739345D68733}.Debug|x64.Build.0 = Debug|Any CPU
		{38747037-4ED3-4A86-9630-739345D68733}.Debug|x86.ActiveCfg = Debug|Any CPU
		{38747037-4ED3-4A86-9630-739345D68733}.Debug|x86.Build.0 = Debug|Any CPU
		{38747037-4ED3-4A86-9630-739345D68733}.Release|Any CPU.ActiveCfg = Release|Any CPU
		{38747037-4ED3-4A86-9630-739345D68733}.Release|Any CPU.Build.0 = Release|Any CPU
		{38747037-4ED3-4A86-9630-739345D68733}.Release|ARM.ActiveCfg = Release|Any CPU
		{38747037-4ED3-4A86-9630-739345D68733}.Release|ARM.Build.0 = Release|Any CPU
		{38747037-4ED3-4A86-9630-739345D68733}.Release|iPhone.ActiveCfg = Release|Any CPU
		{38747037-4ED3-4A86-9630-739345D68733}.Release|iPhone.Build.0 = Release|Any CPU
		{38747037-4ED3-4A86-9630-739345D68733}.Release|iPhoneSimulator.ActiveCfg = Release|Any CPU
		{38747037-4ED3-4A86-9630-739345D68733}.Release|iPhoneSimulator.Build.0 = Release|Any CPU
		{38747037-4ED3-4A86-9630-739345D68733}.Release|x64.ActiveCfg = Release|Any CPU
		{38747037-4ED3-4A86-9630-739345D68733}.Release|x64.Build.0 = Release|Any CPU
		{38747037-4ED3-4A86-9630-739345D68733}.Release|x86.ActiveCfg = Release|Any CPU
		{38747037-4ED3-4A86-9630-739345D68733}.Release|x86.Build.0 = Release|Any CPU
	EndGlobalSection
	GlobalSection(SolutionProperties) = preSolution
		HideSolutionNode = FALSE
	EndGlobalSection
EndGlobal
